
Microsoft Visual Studio Solution File, Format Version 12.00
Project("{FAE04EC0-301F-11D3-BF4B-00C04F79EFBC}") = "Gbl_2", "Gbl_2\Gbl_2.csproj", "{851407BD-03D6-4D2D-824B-B9EB11DBBA8A}"
EndProject
Project("{FAE04EC0-301F-11D3-BF4B-00C04F79EFBC}") = "Gbl_3", "Gbl_3\Gbl_3.csproj", "{986DEA50-8575-49C5-9615-07B9B5F8600A}"
EndProject
Project("{2150E333-8FDC-42A3-9474-1A3956D46DE8}") = "ReadonlyMembers", "ReadonlyMembers", "{0F52B908-7B5E-4AD6-9114-81B4CDF18274}"
EndProject
Project("{2150E333-8FDC-42A3-9474-1A3956D46DE8}") = "DefaultInterfaceMethods", "DefaultInterfaceMethods", "{012088BA-BDF0-45CF-99EA-D873F0FF8074}"
EndProject
Project("{2150E333-8FDC-42A3-9474-1A3956D46DE8}") = "PatternMatchingEnhancements", "PatternMatchingEnhancements", "{7B335BA0-797E-4ED7-BDB0-ECD16E43103D}"
EndProject
Project("{2150E333-8FDC-42A3-9474-1A3956D46DE8}") = "UsingDeclarations", "UsingDeclarations", "{5C0D246B-42B7-4D72-A928-9F7AEB7ABBD8}"
EndProject
Project("{2150E333-8FDC-42A3-9474-1A3956D46DE8}") = "StaticLocalFunctions", "StaticLocalFunctions", "{88002B03-4841-4861-A9FF-4203A4A5EB6E}"
EndProject
Project("{2150E333-8FDC-42A3-9474-1A3956D46DE8}") = "DisposableRefStructs", "DisposableRefStructs", "{84F2914C-CF5E-49D4-8508-2BA655A86147}"
EndProject
Project("{2150E333-8FDC-42A3-9474-1A3956D46DE8}") = "NullableReferenceTypes", "NullableReferenceTypes", "{D91068AA-C3AB-4557-A934-92F89F968C53}"
EndProject
Project("{2150E333-8FDC-42A3-9474-1A3956D46DE8}") = "AsynchronousStreams", "AsynchronousStreams", "{06F4AFAE-2C30-4F32-A6E1-BB6D1ACA60A9}"
EndProject
Project("{2150E333-8FDC-42A3-9474-1A3956D46DE8}") = "AsynchronousDisposable", "AsynchronousDisposable", "{6EE28414-040B-43A3-87DC-0F10500078F7}"
EndProject
Project("{2150E333-8FDC-42A3-9474-1A3956D46DE8}") = "IndicesAndRanges", "IndicesAndRanges", "{E8A6C442-7410-4578-9DAF-C2F6E9E47091}"
EndProject
Project("{2150E333-8FDC-42A3-9474-1A3956D46DE8}") = "NullCoalescingAssignment", "NullCoalescingAssignment", "{17571F21-D2B7-45DD-8B7F-1345A2B56747}"
EndProject
Project("{2150E333-8FDC-42A3-9474-1A3956D46DE8}") = "UnmanagedConstructedTypes", "UnmanagedConstructedTypes", "{84A99DC6-F224-4152-9596-A9CCB884BDAB}"
EndProject
Project("{2150E333-8FDC-42A3-9474-1A3956D46DE8}") = "StackallocInNestedExpressions", "StackallocInNestedExpressions", "{7016186A-1C8A-484C-A185-76DD4BBAE047}"
EndProject
Project("{2150E333-8FDC-42A3-9474-1A3956D46DE8}") = "EnhancementOfInterpolatedVerbatimStrings", "EnhancementOfInterpolatedVerbatimStrings", "{D9B5C7F4-DFE1-47E4-A731-C8C1F4FAE959}"
EndProject
Project("{FAE04EC0-301F-11D3-BF4B-00C04F79EFBC}") = "T3", "AsynchronousDisposable\T3\T3.csproj", "{0378F145-43AB-48A6-8D67-ED1085174310}"
EndProject
Project("{FAE04EC0-301F-11D3-BF4B-00C04F79EFBC}") = "T3", "AsynchronousStreams\T3\T3.csproj", "{01D05A3D-17B7-4B31-A023-2E3CC4261109}"
EndProject
Project("{FAE04EC0-301F-11D3-BF4B-00C04F79EFBC}") = "Ex", "DefaultInterfaceMethods\Ex\Ex.csproj", "{6D7BC976-4FDE-4BD3-A4DB-215E3951C68E}"
EndProject
Project("{FAE04EC0-301F-11D3-BF4B-00C04F79EFBC}") = "Ex", "DisposableRefStructs\Ex\Ex.csproj", "{A7764099-3020-41A7-ACE4-64205B468B8D}"
EndProject
Project("{FAE04EC0-301F-11D3-BF4B-00C04F79EFBC}") = "Ex", "EnhancementOfInterpolatedVerbatimStrings\Ex\Ex.csproj", "{1961EBB5-75C1-49E8-BF1B-1A2CA73E38CE}"
EndProject
Project("{FAE04EC0-301F-11D3-BF4B-00C04F79EFBC}") = "Ex", "IndicesAndRanges\Ex\Ex.csproj", "{845B66FD-F736-4DAF-9DDA-2651F6EAD881}"
EndProject
Project("{FAE04EC0-301F-11D3-BF4B-00C04F79EFBC}") = "Ex", "NullCoalescingAssignment\Ex\Ex.csproj", "{9B0EB833-A4E4-4B3D-B69F-6169524D7F9B}"
EndProject
Project("{FAE04EC0-301F-11D3-BF4B-00C04F79EFBC}") = "Ex", "StaticLocalFunctions\Ex\Ex.csproj", "{CA4268D4-C9AC-4571-AD9E-AD0CBEEC0CCD}"
EndProject
Project("{FAE04EC0-301F-11D3-BF4B-00C04F79EFBC}") = "Ex", "StackallocInNestedExpressions\Ex\Ex.csproj", "{D3471795-6BCC-41B2-B2BF-BBAC1EC1C0CE}"
EndProject
Project("{FAE04EC0-301F-11D3-BF4B-00C04F79EFBC}") = "Ex", "UnmanagedConstructedTypes\Ex\Ex.csproj", "{048AF620-9FD3-4FC3-906B-82B4CF33B24A}"
EndProject
Project("{FAE04EC0-301F-11D3-BF4B-00C04F79EFBC}") = "Ex", "UsingDeclarations\Ex\Ex.csproj", "{EC959231-E07E-46F8-AFC9-8D2FDEB2E309}"
EndProject
Project("{FAE04EC0-301F-11D3-BF4B-00C04F79EFBC}") = "Ex", "PatternMatchingEnhancements\Ex\Ex.csproj", "{82CA1438-C44C-4247-A768-6693DF24C281}"
EndProject
Project("{FAE04EC0-301F-11D3-BF4B-00C04F79EFBC}") = "Ex", "ReadonlyMembers\Ex\Ex.csproj", "{153DE612-7956-4C86-84E7-8D62C20D4AAB}"
EndProject
Project("{FAE04EC0-301F-11D3-BF4B-00C04F79EFBC}") = "Ex", "NullableReferenceTypes\Ex\Ex.csproj", "{3EC7A2D8-FD40-4676-B2D4-05E06C6D92AC}"
EndProject
Global
	GlobalSection(SolutionConfigurationPlatforms) = preSolution
		Debug|Any CPU = Debug|Any CPU
		Release|Any CPU = Release|Any CPU
	EndGlobalSection
	GlobalSection(ProjectConfigurationPlatforms) = postSolution
		{851407BD-03D6-4D2D-824B-B9EB11DBBA8A}.Debug|Any CPU.ActiveCfg = Debug|Any CPU
		{851407BD-03D6-4D2D-824B-B9EB11DBBA8A}.Debug|Any CPU.Build.0 = Debug|Any CPU
		{851407BD-03D6-4D2D-824B-B9EB11DBBA8A}.Release|Any CPU.ActiveCfg = Release|Any CPU
		{851407BD-03D6-4D2D-824B-B9EB11DBBA8A}.Release|Any CPU.Build.0 = Release|Any CPU
		{986DEA50-8575-49C5-9615-07B9B5F8600A}.Debug|Any CPU.ActiveCfg = Debug|Any CPU
		{986DEA50-8575-49C5-9615-07B9B5F8600A}.Debug|Any CPU.Build.0 = Debug|Any CPU
		{986DEA50-8575-49C5-9615-07B9B5F8600A}.Release|Any CPU.ActiveCfg = Release|Any CPU
		{986DEA50-8575-49C5-9615-07B9B5F8600A}.Release|Any CPU.Build.0 = Release|Any CPU
		{0378F145-43AB-48A6-8D67-ED1085174310}.Debug|Any CPU.ActiveCfg = Debug|Any CPU
		{0378F145-43AB-48A6-8D67-ED1085174310}.Debug|Any CPU.Build.0 = Debug|Any CPU
		{0378F145-43AB-48A6-8D67-ED1085174310}.Release|Any CPU.ActiveCfg = Release|Any CPU
		{0378F145-43AB-48A6-8D67-ED1085174310}.Release|Any CPU.Build.0 = Release|Any CPU
		{01D05A3D-17B7-4B31-A023-2E3CC4261109}.Debug|Any CPU.ActiveCfg = Debug|Any CPU
		{01D05A3D-17B7-4B31-A023-2E3CC4261109}.Debug|Any CPU.Build.0 = Debug|Any CPU
		{01D05A3D-17B7-4B31-A023-2E3CC4261109}.Release|Any CPU.ActiveCfg = Release|Any CPU
		{01D05A3D-17B7-4B31-A023-2E3CC4261109}.Release|Any CPU.Build.0 = Release|Any CPU
		{6D7BC976-4FDE-4BD3-A4DB-215E3951C68E}.Debug|Any CPU.ActiveCfg = Debug|Any CPU
		{6D7BC976-4FDE-4BD3-A4DB-215E3951C68E}.Debug|Any CPU.Build.0 = Debug|Any CPU
		{6D7BC976-4FDE-4BD3-A4DB-215E3951C68E}.Release|Any CPU.ActiveCfg = Release|Any CPU
		{6D7BC976-4FDE-4BD3-A4DB-215E3951C68E}.Release|Any CPU.Build.0 = Release|Any CPU
		{A7764099-3020-41A7-ACE4-64205B468B8D}.Debug|Any CPU.ActiveCfg = Debug|Any CPU
		{A7764099-3020-41A7-ACE4-64205B468B8D}.Debug|Any CPU.Build.0 = Debug|Any CPU
		{A7764099-3020-41A7-ACE4-64205B468B8D}.Release|Any CPU.ActiveCfg = Release|Any CPU
		{A7764099-3020-41A7-ACE4-64205B468B8D}.Release|Any CPU.Build.0 = Release|Any CPU
		{1961EBB5-75C1-49E8-BF1B-1A2CA73E38CE}.Debug|Any CPU.ActiveCfg = Debug|Any CPU
		{1961EBB5-75C1-49E8-BF1B-1A2CA73E38CE}.Debug|Any CPU.Build.0 = Debug|Any CPU
		{1961EBB5-75C1-49E8-BF1B-1A2CA73E38CE}.Release|Any CPU.ActiveCfg = Release|Any CPU
		{1961EBB5-75C1-49E8-BF1B-1A2CA73E38CE}.Release|Any CPU.Build.0 = Release|Any CPU
		{845B66FD-F736-4DAF-9DDA-2651F6EAD881}.Debug|Any CPU.ActiveCfg = Debug|Any CPU
		{845B66FD-F736-4DAF-9DDA-2651F6EAD881}.Debug|Any CPU.Build.0 = Debug|Any CPU
		{845B66FD-F736-4DAF-9DDA-2651F6EAD881}.Release|Any CPU.ActiveCfg = Release|Any CPU
		{845B66FD-F736-4DAF-9DDA-2651F6EAD881}.Release|Any CPU.Build.0 = Release|Any CPU
		{9B0EB833-A4E4-4B3D-B69F-6169524D7F9B}.Debug|Any CPU.ActiveCfg = Debug|Any CPU
		{9B0EB833-A4E4-4B3D-B69F-6169524D7F9B}.Debug|Any CPU.Build.0 = Debug|Any CPU
		{9B0EB833-A4E4-4B3D-B69F-6169524D7F9B}.Release|Any CPU.ActiveCfg = Release|Any CPU
		{9B0EB833-A4E4-4B3D-B69F-6169524D7F9B}.Release|Any CPU.Build.0 = Release|Any CPU
		{CA4268D4-C9AC-4571-AD9E-AD0CBEEC0CCD}.Debug|Any CPU.ActiveCfg = Debug|Any CPU
		{CA4268D4-C9AC-4571-AD9E-AD0CBEEC0CCD}.Debug|Any CPU.Build.0 = Debug|Any CPU
		{CA4268D4-C9AC-4571-AD9E-AD0CBEEC0CCD}.Release|Any CPU.ActiveCfg = Release|Any CPU
		{CA4268D4-C9AC-4571-AD9E-AD0CBEEC0CCD}.Release|Any CPU.Build.0 = Release|Any CPU
		{D3471795-6BCC-41B2-B2BF-BBAC1EC1C0CE}.Debug|Any CPU.ActiveCfg = Debug|Any CPU
		{D3471795-6BCC-41B2-B2BF-BBAC1EC1C0CE}.Debug|Any CPU.Build.0 = Debug|Any CPU
		{D3471795-6BCC-41B2-B2BF-BBAC1EC1C0CE}.Release|Any CPU.ActiveCfg = Release|Any CPU
		{D3471795-6BCC-41B2-B2BF-BBAC1EC1C0CE}.Release|Any CPU.Build.0 = Release|Any CPU
		{048AF620-9FD3-4FC3-906B-82B4CF33B24A}.Debug|Any CPU.ActiveCfg = Debug|Any CPU
		{048AF620-9FD3-4FC3-906B-82B4CF33B24A}.Debug|Any CPU.Build.0 = Debug|Any CPU
		{048AF620-9FD3-4FC3-906B-82B4CF33B24A}.Release|Any CPU.ActiveCfg = Release|Any CPU
		{048AF620-9FD3-4FC3-906B-82B4CF33B24A}.Release|Any CPU.Build.0 = Release|Any CPU
		{EC959231-E07E-46F8-AFC9-8D2FDEB2E309}.Debug|Any CPU.ActiveCfg = Debug|Any CPU
		{EC959231-E07E-46F8-AFC9-8D2FDEB2E309}.Debug|Any CPU.Build.0 = Debug|Any CPU
		{EC959231-E07E-46F8-AFC9-8D2FDEB2E309}.Release|Any CPU.ActiveCfg = Release|Any CPU
		{EC959231-E07E-46F8-AFC9-8D2FDEB2E309}.Release|Any CPU.Build.0 = Release|Any CPU
		{82CA1438-C44C-4247-A768-6693DF24C281}.Debug|Any CPU.ActiveCfg = Debug|Any CPU
		{82CA1438-C44C-4247-A768-6693DF24C281}.Debug|Any CPU.Build.0 = Debug|Any CPU
		{82CA1438-C44C-4247-A768-6693DF24C281}.Release|Any CPU.ActiveCfg = Release|Any CPU
		{82CA1438-C44C-4247-A768-6693DF24C281}.Release|Any CPU.Build.0 = Release|Any CPU
		{153DE612-7956-4C86-84E7-8D62C20D4AAB}.Debug|Any CPU.ActiveCfg = Debug|Any CPU
		{153DE612-7956-4C86-84E7-8D62C20D4AAB}.Debug|Any CPU.Build.0 = Debug|Any CPU
		{153DE612-7956-4C86-84E7-8D62C20D4AAB}.Release|Any CPU.ActiveCfg = Release|Any CPU
		{153DE612-7956-4C86-84E7-8D62C20D4AAB}.Release|Any CPU.Build.0 = Release|Any CPU
		{3EC7A2D8-FD40-4676-B2D4-05E06C6D92AC}.Debug|Any CPU.ActiveCfg = Debug|Any CPU
		{3EC7A2D8-FD40-4676-B2D4-05E06C6D92AC}.Debug|Any CPU.Build.0 = Debug|Any CPU
		{3EC7A2D8-FD40-4676-B2D4-05E06C6D92AC}.Release|Any CPU.ActiveCfg = Release|Any CPU
		{3EC7A2D8-FD40-4676-B2D4-05E06C6D92AC}.Release|Any CPU.Build.0 = Release|Any CPU
	EndGlobalSection
	GlobalSection(NestedProjects) = preSolution
		{0378F145-43AB-48A6-8D67-ED1085174310} = {6EE28414-040B-43A3-87DC-0F10500078F7}
		{01D05A3D-17B7-4B31-A023-2E3CC4261109} = {06F4AFAE-2C30-4F32-A6E1-BB6D1ACA60A9}
		{6D7BC976-4FDE-4BD3-A4DB-215E3951C68E} = {012088BA-BDF0-45CF-99EA-D873F0FF8074}
		{A7764099-3020-41A7-ACE4-64205B468B8D} = {84F2914C-CF5E-49D4-8508-2BA655A86147}
		{1961EBB5-75C1-49E8-BF1B-1A2CA73E38CE} = {D9B5C7F4-DFE1-47E4-A731-C8C1F4FAE959}
		{845B66FD-F736-4DAF-9DDA-2651F6EAD881} = {E8A6C442-7410-4578-9DAF-C2F6E9E47091}
		{9B0EB833-A4E4-4B3D-B69F-6169524D7F9B} = {17571F21-D2B7-45DD-8B7F-1345A2B56747}
		{CA4268D4-C9AC-4571-AD9E-AD0CBEEC0CCD} = {88002B03-4841-4861-A9FF-4203A4A5EB6E}
		{D3471795-6BCC-41B2-B2BF-BBAC1EC1C0CE} = {7016186A-1C8A-484C-A185-76DD4BBAE047}
		{048AF620-9FD3-4FC3-906B-82B4CF33B24A} = {84A99DC6-F224-4152-9596-A9CCB884BDAB}
		{EC959231-E07E-46F8-AFC9-8D2FDEB2E309} = {5C0D246B-42B7-4D72-A928-9F7AEB7ABBD8}
		{82CA1438-C44C-4247-A768-6693DF24C281} = {7B335BA0-797E-4ED7-BDB0-ECD16E43103D}
		{153DE612-7956-4C86-84E7-8D62C20D4AAB} = {0F52B908-7B5E-4AD6-9114-81B4CDF18274}
		{3EC7A2D8-FD40-4676-B2D4-05E06C6D92AC} = {D91068AA-C3AB-4557-A934-92F89F968C53}
	EndGlobalSection
EndGlobal
